
Microsoft Visual Studio Solution File, Format Version 12.00
# Visual Studio Version 17
VisualStudioVersion = 17.11.35208.52
MinimumVisualStudioVersion = 10.0.40219.1
Project("{9A19103F-16F7-4668-BE54-9A1E7A4F7556}") = "DeskSpine", "DeskSpine\DeskSpine.csproj", "{BA2B551A-3D96-4FB4-8970-70D6AC53E8D0}"
EndProject
Project("{2150E333-8FDC-42A3-9474-1A3956D46DE8}") = "SpineRuntimes", "SpineRuntimes", "{4046E39D-7A44-426F-97B3-A58EC6ECE746}"
EndProject
Project("{9A19103F-16F7-4668-BE54-9A1E7A4F7556}") = "SpineRuntime36", "SpineRuntime36\SpineRuntime36.csproj", "{3FD95E6A-BD86-42E1-AEE3-192BE563F40F}"
EndProject
Project("{9A19103F-16F7-4668-BE54-9A1E7A4F7556}") = "SpineRuntime38", "SpineRuntime38\SpineRuntime38.csproj", "{9F4A4099-DBC3-4917-A79C-590940821EB0}"
EndProject
Project("{9A19103F-16F7-4668-BE54-9A1E7A4F7556}") = "Spine", "Spine\Spine.csproj", "{E27EF00F-5AA8-4889-9790-2F4780102CA1}"
EndProject
Project("{2150E333-8FDC-42A3-9474-1A3956D46DE8}") = "Solution Items", "Solution Items", "{E89865C7-066F-42C5-B311-3B007C193689}"
	ProjectSection(SolutionItems) = preProject
		.editorconfig = .editorconfig
		README.md = README.md
	EndProjectSection
EndProject
Project("{9A19103F-16F7-4668-BE54-9A1E7A4F7556}") = "SpineWindow", "SpineWindow\SpineWindow.csproj", "{AD2E6ECD-2820-47EC-B4D8-69503A5D995D}"
EndProject
Project("{9A19103F-16F7-4668-BE54-9A1E7A4F7556}") = "PerfMonitor", "PerfMonitor\PerfMonitor.csproj", "{0F3E0EF6-DE9C-4A20-8CB5-3962E79A4DD3}"
EndProject
Project("{54435603-DBB4-11D2-8724-00A0C9A8B90C}") = "Setup", "Setup\Setup.vdproj", "{788D5DF9-47F3-4BF9-8A99-FEFDE7656444}"
EndProject
Project("{FAE04EC0-301F-11D3-BF4B-00C04F79EFBC}") = "SpineTool", "SpineTool\SpineTool.csproj", "{9BDF889D-AD18-4BF0-B50D-F1C98C268034}"
EndProject
Global
	GlobalSection(SolutionConfigurationPlatforms) = preSolution
		Debug|x64 = Debug|x64
		Release|x64 = Release|x64
	EndGlobalSection
	GlobalSection(ProjectConfigurationPlatforms) = postSolution
		{BA2B551A-3D96-4FB4-8970-70D6AC53E8D0}.Debug|x64.ActiveCfg = Debug|x64
		{BA2B551A-3D96-4FB4-8970-70D6AC53E8D0}.Debug|x64.Build.0 = Debug|x64
		{BA2B551A-3D96-4FB4-8970-70D6AC53E8D0}.Release|x64.ActiveCfg = Release|x64
		{BA2B551A-3D96-4FB4-8970-70D6AC53E8D0}.Release|x64.Build.0 = Release|x64
		{3FD95E6A-BD86-42E1-AEE3-192BE563F40F}.Debug|x64.ActiveCfg = Debug|x64
		{3FD95E6A-BD86-42E1-AEE3-192BE563F40F}.Debug|x64.Build.0 = Debug|x64
		{3FD95E6A-BD86-42E1-AEE3-192BE563F40F}.Release|x64.ActiveCfg = Release|x64
		{3FD95E6A-BD86-42E1-AEE3-192BE563F40F}.Release|x64.Build.0 = Release|x64
		{9F4A4099-DBC3-4917-A79C-590940821EB0}.Debug|x64.ActiveCfg = Debug|x64
		{9F4A4099-DBC3-4917-A79C-590940821EB0}.Debug|x64.Build.0 = Debug|x64
		{9F4A4099-DBC3-4917-A79C-590940821EB0}.Release|x64.ActiveCfg = Release|x64
		{9F4A4099-DBC3-4917-A79C-590940821EB0}.Release|x64.Build.0 = Release|x64
		{E27EF00F-5AA8-4889-9790-2F4780102CA1}.Debug|x64.ActiveCfg = Debug|x64
		{E27EF00F-5AA8-4889-9790-2F4780102CA1}.Debug|x64.Build.0 = Debug|x64
		{E27EF00F-5AA8-4889-9790-2F4780102CA1}.Release|x64.ActiveCfg = Release|x64
		{E27EF00F-5AA8-4889-9790-2F4780102CA1}.Release|x64.Build.0 = Release|x64
		{AD2E6ECD-2820-47EC-B4D8-69503A5D995D}.Debug|x64.ActiveCfg = Debug|x64
		{AD2E6ECD-2820-47EC-B4D8-69503A5D995D}.Debug|x64.Build.0 = Debug|x64
		{AD2E6ECD-2820-47EC-B4D8-69503A5D995D}.Release|x64.ActiveCfg = Release|x64
		{AD2E6ECD-2820-47EC-B4D8-69503A5D995D}.Release|x64.Build.0 = Release|x64
		{0F3E0EF6-DE9C-4A20-8CB5-3962E79A4DD3}.Debug|x64.ActiveCfg = Debug|x64
		{0F3E0EF6-DE9C-4A20-8CB5-3962E79A4DD3}.Debug|x64.Build.0 = Debug|x64
		{0F3E0EF6-DE9C-4A20-8CB5-3962E79A4DD3}.Release|x64.ActiveCfg = Release|x64
		{0F3E0EF6-DE9C-4A20-8CB5-3962E79A4DD3}.Release|x64.Build.0 = Release|x64
		{788D5DF9-47F3-4BF9-8A99-FEFDE7656444}.Debug|x64.ActiveCfg = Debug
		{788D5DF9-47F3-4BF9-8A99-FEFDE7656444}.Release|x64.ActiveCfg = Release
		{9BDF889D-AD18-4BF0-B50D-F1C98C268034}.Debug|x64.ActiveCfg = Debug|x64
		{9BDF889D-AD18-4BF0-B50D-F1C98C268034}.Debug|x64.Build.0 = Debug|x64
		{9BDF889D-AD18-4BF0-B50D-F1C98C268034}.Release|x64.ActiveCfg = Release|x64
	EndGlobalSection
	GlobalSection(SolutionProperties) = preSolution
		HideSolutionNode = FALSE
	EndGlobalSection
	GlobalSection(NestedProjects) = preSolution
		{3FD95E6A-BD86-42E1-AEE3-192BE563F40F} = {4046E39D-7A44-426F-97B3-A58EC6ECE746}
		{9F4A4099-DBC3-4917-A79C-590940821EB0} = {4046E39D-7A44-426F-97B3-A58EC6ECE746}
	EndGlobalSection
	GlobalSection(ExtensibilityGlobals) = postSolution
		SolutionGuid = {5A1475E9-E605-4D55-BC24-CCB687DBDCA8}
	EndGlobalSection
EndGlobal
